
Microsoft Visual Studio Solution File, Format Version 12.00
# Visual Studio Version 16
VisualStudioVersion = 16.0.29609.76
MinimumVisualStudioVersion = 10.0.40219.1
Project("{FAE04EC0-301F-11D3-BF4B-00C04F79EFBC}") = "JanKenPon", "JanKenPon\JanKenPon.csproj", "{FDB773BF-5EF7-4DBA-8888-7DF5FCCB9D82}"
EndProject
Global
	GlobalSection(SolutionConfigurationPlatforms) = preSolution
		Debug|Any CPU = Debug|Any CPU
		Release|Any CPU = Release|Any CPU
	EndGlobalSection
	GlobalSection(ProjectConfigurationPlatforms) = postSolution
		{FDB773BF-5EF7-4DBA-8888-7DF5FCCB9D82}.Debug|Any CPU.ActiveCfg = Debug|Any CPU
		{FDB773BF-5EF7-4DBA-8888-7DF5FCCB9D82}.Debug|Any CPU.Build.0 = Debug|Any CPU
		{FDB773BF-5EF7-4DBA-8888-7DF5FCCB9D82}.Release|Any CPU.ActiveCfg = Release|Any CPU
		{FDB773BF-5EF7-4DBA-8888-7DF5FCCB9D82}.Release|Any CPU.Build.0 = Release|Any CPU
	EndGlobalSection
	GlobalSection(SolutionProperties) = preSolution
		HideSolutionNode = FALSE
	EndGlobalSection
	GlobalSection(ExtensibilityGlobals) = postSolution
		SolutionGuid = {4EDC38B9-06F1-425B-94B4-8993BFD1123D}
	EndGlobalSection
EndGlobal
